<?xml version="1.0" encoding="utf-8"?>
<Project ToolsVersion="4.0" xmlns="http://schemas.microsoft.com/developer/msbuild/2003">
  <ItemGroup>
    <Filter Include="src">
      <UniqueIdentifier>{015fc81c-f3d9-4cff-8887-f814d65c1e9d}</UniqueIdentifier>
    </Filter>
    <Filter Include="src\datamodel">
      <UniqueIdentifier>{a50e5825-c9d8-4e8a-b603-40d81b18a06a}</UniqueIdentifier>
    </Filter>
  </ItemGroup>
  <ItemGroup>
    <ClCompile Include="src\Game.cpp">
      <Filter>src</Filter>
    </ClCompile>
    <ClCompile Include="src\main.cpp">
      <Filter>src</Filter>
    </ClCompile>
    <ClCompile Include="src\PlayingScreen.cpp">
      <Filter>src</Filter>
    </ClCompile>
    <ClCompile Include="src\Screen.cpp">
      <Filter>src</Filter>
    </ClCompile>
    <ClCompile Include="src\datamodel\Character.cpp">
      <Filter>src\datamodel</Filter>
    </ClCompile>
    <ClCompile Include="src\datamodel\GameState.cpp">
      <Filter>src\datamodel</Filter>
    </ClCompile>
    <ClCompile Include="src\datamodel\Inventory.cpp">
      <Filter>src\datamodel</Filter>
    </ClCompile>
    <ClCompile Include="src\datamodel\Item.cpp">
      <Filter>src\datamodel</Filter>
    </ClCompile>
    <ClCompile Include="src\datamodel\Affix.cpp">
      <Filter>src\datamodel</Filter>
    </ClCompile>
  </ItemGroup>
  <ItemGroup>
    <ClInclude Include="src\Game.hpp">
      <Filter>src</Filter>
    </ClInclude>
    <ClInclude Include="src\PlayingScreen.hpp">
      <Filter>src</Filter>
    </ClInclude>
    <ClInclude Include="src\Screen.hpp">
      <Filter>src</Filter>
    </ClInclude>
    <ClInclude Include="src\datamodel\Affix.hpp">
      <Filter>src\datamodel</Filter>
    </ClInclude>
    <ClInclude Include="src\datamodel\Character.hpp">
      <Filter>src\datamodel</Filter>
    </ClInclude>
    <ClInclude Include="src\datamodel\GameState.hpp">
      <Filter>src\datamodel</Filter>
    </ClInclude>
    <ClInclude Include="src\datamodel\Inventory.hpp">
      <Filter>src\datamodel</Filter>
    </ClInclude>
    <ClInclude Include="src\datamodel\Item.hpp">
      <Filter>src\datamodel</Filter>
    </ClInclude>
    <ClInclude Include="src\datamodel\enums.hpp">
      <Filter>src\datamodel</Filter>
    </ClInclude>
  </ItemGroup>
</Project>